# This file is automatically @generated by Cargo.
# It is not intended for manual editing.
version = 4

[[package]]
name = "bug-free-scenario-tree"
version = "0.1.0"
dependencies = [
 "xml",
]

[[package]]
name = "xml"
version = "1.2.0"
source = "registry+https://github.com/rust-lang/crates.io-index"
checksum = "2df5825faced2427b2da74d9100f1e2e93c533fff063506a81ede1cf517b2e7e"
